// !$*UTF8*$!
{
	archiveVersion = 1;
	classes = {
	};
	objectVersion = 50;
	objects = {

/* Begin PBXBuildFile section */
		26A1F94920C7C3A900821D16 /* AppDelegate.swift in Sources */ = {isa = PBXBuildFile; fileRef = 26A1F94820C7C3A900821D16 /* AppDelegate.swift */; };
		26A1F94B20C7C3A900821D16 /* ViewController.swift in Sources */ = {isa = PBXBuildFile; fileRef = 26A1F94A20C7C3A900821D16 /* ViewController.swift */; };
		26A1F94E20C7C3A900821D16 /* Main.storyboard in Resources */ = {isa = PBXBuildFile; fileRef = 26A1F94C20C7C3A900821D16 /* Main.storyboard */; };
		26A1F95020C7C3AA00821D16 /* Assets.xcassets in Resources */ = {isa = PBXBuildFile; fileRef = 26A1F94F20C7C3AA00821D16 /* Assets.xcassets */; };
		26A1F95320C7C3AA00821D16 /* LaunchScreen.storyboard in Resources */ = {isa = PBXBuildFile; fileRef = 26A1F95120C7C3AA00821D16 /* LaunchScreen.storyboard */; };
		26A1F95E20C7C3AA00821D16 /* ItsuDareGameTests.swift in Sources */ = {isa = PBXBuildFile; fileRef = 26A1F95D20C7C3AA00821D16 /* ItsuDareGameTests.swift */; };
		26A1F96920C7C3AA00821D16 /* ItsuDareGameUITests.swift in Sources */ = {isa = PBXBuildFile; fileRef = 26A1F96820C7C3AA00821D16 /* ItsuDareGameUITests.swift */; };
/* End PBXBuildFile section */

/* Begin PBXContainerItemProxy section */
		26A1F95A20C7C3AA00821D16 /* PBXContainerItemProxy */ = {
			isa = PBXContainerItemProxy;
			containerPortal = 26A1F93D20C7C3A900821D16 /* Project object */;
			proxyType = 1;
			remoteGlobalIDString = 26A1F94420C7C3A900821D16;
			remoteInfo = ItsuDareGame;
		};
		26A1F96520C7C3AA00821D16 /* PBXContainerItemProxy */ = {
			isa = PBXContainerItemProxy;
			containerPortal = 26A1F93D20C7C3A900821D16 /* Project object */;
			proxyType = 1;
			remoteGlobalIDString = 26A1F94420C7C3A900821D16;
			remoteInfo = ItsuDareGame;
		};
/* End PBXContainerItemProxy section */

/* Begin PBXFileReference section */
		26A1F94520C7C3A900821D16 /* ItsuDareGame.app */ = {isa = PBXFileReference; explicitFileType = wrapper.application; includeInIndex = 0; path = ItsuDareGame.app; sourceTree = BUILT_PRODUCTS_DIR; };
		26A1F94820C7C3A900821D16 /* AppDelegate.swift */ = {isa = PBXFileReference; lastKnownFileType = sourcecode.swift; path = AppDelegate.swift; sourceTree = "<group>"; };
		26A1F94A20C7C3A900821D16 /* ViewController.swift */ = {isa = PBXFileReference; lastKnownFileType = sourcecode.swift; path = ViewController.swift; sourceTree = "<group>"; };
		26A1F94D20C7C3A900821D16 /* Base */ = {isa = PBXFileReference; lastKnownFileType = file.storyboard; name = Base; path = Base.lproj/Main.storyboard; sourceTree = "<group>"; };
		26A1F94F20C7C3AA00821D16 /* Assets.xcassets */ = {isa = PBXFileReference; lastKnownFileType = folder.assetcatalog; path = Assets.xcassets; sourceTree = "<group>"; };
		26A1F95220C7C3AA00821D16 /* Base */ = {isa = PBXFileReference; lastKnownFileType = file.storyboard; name = Base; path = Base.lproj/LaunchScreen.storyboard; sourceTree = "<group>"; };
		26A1F95420C7C3AA00821D16 /* Info.plist */ = {isa = PBXFileReference; lastKnownFileType = text.plist.xml; path = Info.plist; sourceTree = "<group>"; };
		26A1F95920C7C3AA00821D16 /* ItsuDareGameTests.xctest */ = {isa = PBXFileReference; explicitFileType = wrapper.cfbundle; includeInIndex = 0; path = ItsuDareGameTests.xctest; sourceTree = BUILT_PRODUCTS_DIR; };
		26A1F95D20C7C3AA00821D16 /* ItsuDareGameTests.swift */ = {isa = PBXFileReference; lastKnownFileType = sourcecode.swift; path = ItsuDareGameTests.swift; sourceTree = "<group>"; };
		26A1F95F20C7C3AA00821D16 /* Info.plist */ = {isa = PBXFileReference; lastKnownFileType = text.plist.xml; path = Info.plist; sourceTree = "<group>"; };
		26A1F96420C7C3AA00821D16 /* ItsuDareGameUITests.xctest */ = {isa = PBXFileReference; explicitFileType = wrapper.cfbundle; includeInIndex = 0; path = ItsuDareGameUITests.xctest; sourceTree = BUILT_PRODUCTS_DIR; };
		26A1F96820C7C3AA00821D16 /* ItsuDareGameUITests.swift */ = {isa = PBXFileReference; lastKnownFileType = sourcecode.swift; path = ItsuDareGameUITests.swift; sourceTree = "<group>"; };
		26A1F96A20C7C3AA00821D16 /* Info.plist */ = {isa = PBXFileReference; lastKnownFileType = text.plist.xml; path = Info.plist; sourceTree = "<group>"; };
/* End PBXFileReference section */

/* Begin PBXFrameworksBuildPhase section */
		26A1F94220C7C3A900821D16 /* Frameworks */ = {
			isa = PBXFrameworksBuildPhase;
			buildActionMask = 2147483647;
			files = (
			);
			runOnlyForDeploymentPostprocessing = 0;
		};
		26A1F95620C7C3AA00821D16 /* Frameworks */ = {
			isa = PBXFrameworksBuildPhase;
			buildActionMask = 2147483647;
			files = (
			);
			runOnlyForDeploymentPostprocessing = 0;
		};
		26A1F96120C7C3AA00821D16 /* Frameworks */ = {
			isa = PBXFrameworksBuildPhase;
			buildActionMask = 2147483647;
			files = (
			);
			runOnlyForDeploymentPostprocessing = 0;
		};
/* End PBXFrameworksBuildPhase section */

/* Begin PBXGroup section */
		26A1F93C20C7C3A900821D16 = {
			isa = PBXGroup;
			children = (
				26A1F94720C7C3A900821D16 /* ItsuDareGame */,
				26A1F95C20C7C3AA00821D16 /* ItsuDareGameTests */,
				26A1F96720C7C3AA00821D16 /* ItsuDareGameUITests */,
				26A1F94620C7C3A900821D16 /* Products */,
			);
			sourceTree = "<group>";
		};
		26A1F94620C7C3A900821D16 /* Products */ = {
			isa = PBXGroup;
			children = (
				26A1F94520C7C3A900821D16 /* ItsuDareGame.app */,
				26A1F95920C7C3AA00821D16 /* ItsuDareGameTests.xctest */,
				26A1F96420C7C3AA00821D16 /* ItsuDareGameUITests.xctest */,
			);
			name = Products;
			sourceTree = "<group>";
		};
		26A1F94720C7C3A900821D16 /* ItsuDareGame */ = {
			isa = PBXGroup;
			children = (
				26A1F94820C7C3A900821D16 /* AppDelegate.swift */,
				26A1F94A20C7C3A900821D16 /* ViewController.swift */,
				26A1F94C20C7C3A900821D16 /* Main.storyboard */,
				26A1F94F20C7C3AA00821D16 /* Assets.xcassets */,
				26A1F95120C7C3AA00821D16 /* LaunchScreen.storyboard */,
				26A1F95420C7C3AA00821D16 /* Info.plist */,
			);
			path = ItsuDareGame;
			sourceTree = "<group>";
		};
		26A1F95C20C7C3AA00821D16 /* ItsuDareGameTests */ = {
			isa = PBXGroup;
			children = (
				26A1F95D20C7C3AA00821D16 /* ItsuDareGameTests.swift */,
				26A1F95F20C7C3AA00821D16 /* Info.plist */,
			);
			path = ItsuDareGameTests;
			sourceTree = "<group>";
		};
		26A1F96720C7C3AA00821D16 /* ItsuDareGameUITests */ = {
			isa = PBXGroup;
			children = (
				26A1F96820C7C3AA00821D16 /* ItsuDareGameUITests.swift */,
				26A1F96A20C7C3AA00821D16 /* Info.plist */,
			);
			path = ItsuDareGameUITests;
			sourceTree = "<group>";
		};
/* End PBXGroup section */

/* Begin PBXNativeTarget section */
		26A1F94420C7C3A900821D16 /* ItsuDareGame */ = {
			isa = PBXNativeTarget;
			buildConfigurationList = 26A1F96D20C7C3AA00821D16 /* Build configuration list for PBXNativeTarget "ItsuDareGame" */;
			buildPhases = (
				26A1F94120C7C3A900821D16 /* Sources */,
				26A1F94220C7C3A900821D16 /* Frameworks */,
				26A1F94320C7C3A900821D16 /* Resources */,
			);
			buildRules = (
			);
			dependencies = (
			);
			name = ItsuDareGame;
			productName = ItsuDareGame;
			productReference = 26A1F94520C7C3A900821D16 /* ItsuDareGame.app */;
			productType = "com.apple.product-type.application";
		};
		26A1F95820C7C3AA00821D16 /* ItsuDareGameTests */ = {
			isa = PBXNativeTarget;
			buildConfigurationList = 26A1F97020C7C3AA00821D16 /* Build configuration list for PBXNativeTarget "ItsuDareGameTests" */;
			buildPhases = (
				26A1F95520C7C3AA00821D16 /* Sources */,
				26A1F95620C7C3AA00821D16 /* Frameworks */,
				26A1F95720C7C3AA00821D16 /* Resources */,
			);
			buildRules = (
			);
			dependencies = (
				26A1F95B20C7C3AA00821D16 /* PBXTargetDependency */,
			);
			name = ItsuDareGameTests;
			productName = ItsuDareGameTests;
			productReference = 26A1F95920C7C3AA00821D16 /* ItsuDareGameTests.xctest */;
			productType = "com.apple.product-type.bundle.unit-test";
		};
		26A1F96320C7C3AA00821D16 /* ItsuDareGameUITests */ = {
			isa = PBXNativeTarget;
			buildConfigurationList = 26A1F97320C7C3AA00821D16 /* Build configuration list for PBXNativeTarget "ItsuDareGameUITests" */;
			buildPhases = (
				26A1F96020C7C3AA00821D16 /* Sources */,
				26A1F96120C7C3AA00821D16 /* Frameworks */,
				26A1F96220C7C3AA00821D16 /* Resources */,
			);
			buildRules = (
			);
			dependencies = (
				26A1F96620C7C3AA00821D16 /* PBXTargetDependency */,
			);
			name = ItsuDareGameUITests;
			productName = ItsuDareGameUITests;
			productReference = 26A1F96420C7C3AA00821D16 /* ItsuDareGameUITests.xctest */;
			productType = "com.apple.product-type.bundle.ui-testing";
		};
/* End PBXNativeTarget section */

/* Begin PBXProject section */
		26A1F93D20C7C3A900821D16 /* Project object */ = {
			isa = PBXProject;
			attributes = {
				LastSwiftUpdateCheck = 0940;
				LastUpgradeCheck = 0940;
				ORGANIZATIONNAME = RioYoshikawa;
				TargetAttributes = {
					26A1F94420C7C3A900821D16 = {
						CreatedOnToolsVersion = 9.4;
					};
					26A1F95820C7C3AA00821D16 = {
						CreatedOnToolsVersion = 9.4;
						TestTargetID = 26A1F94420C7C3A900821D16;
					};
					26A1F96320C7C3AA00821D16 = {
						CreatedOnToolsVersion = 9.4;
						TestTargetID = 26A1F94420C7C3A900821D16;
					};
				};
			};
			buildConfigurationList = 26A1F94020C7C3A900821D16 /* Build configuration list for PBXProject "ItsuDareGame" */;
			compatibilityVersion = "Xcode 9.3";
			developmentRegion = en;
			hasScannedForEncodings = 0;
			knownRegions = (
				en,
				Base,
			);
			mainGroup = 26A1F93C20C7C3A900821D16;
			productRefGroup = 26A1F94620C7C3A900821D16 /* Products */;
			projectDirPath = "";
			projectRoot = "";
			targets = (
				26A1F94420C7C3A900821D16 /* ItsuDareGame */,
				26A1F95820C7C3AA00821D16 /* ItsuDareGameTests */,
				26A1F96320C7C3AA00821D16 /* ItsuDareGameUITests */,
			);
		};
/* End PBXProject section */

/* Begin PBXResourcesBuildPhase section */
		26A1F94320C7C3A900821D16 /* Resources */ = {
			isa = PBXResourcesBuildPhase;
			buildActionMask = 2147483647;
			files = (
				26A1F95320C7C3AA00821D16 /* LaunchScreen.storyboard in Resources */,
				26A1F95020C7C3AA00821D16 /* Assets.xcassets in Resources */,
				26A1F94E20C7C3A900821D16 /* Main.storyboard in Resources */,
			);
			runOnlyForDeploymentPostprocessing = 0;
		};
		26A1F95720C7C3AA00821D16 /* Resources */ = {
			isa = PBXResourcesBuildPhase;
			buildActionMask = 2147483647;
			files = (
			);
			runOnlyForDeploymentPostprocessing = 0;
		};
		26A1F96220C7C3AA00821D16 /* Resources */ = {
			isa = PBXResourcesBuildPhase;
			buildActionMask = 2147483647;
			files = (
			);
			runOnlyForDeploymentPostprocessing = 0;
		};
/* End PBXResourcesBuildPhase section */

/* Begin PBXSourcesBuildPhase section */
		26A1F94120C7C3A900821D16 /* Sources */ = {
			isa = PBXSourcesBuildPhase;
			buildActionMask = 2147483647;
			files = (
				26A1F94B20C7C3A900821D16 /* ViewController.swift in Sources */,
				26A1F94920C7C3A900821D16 /* AppDelegate.swift in Sources */,
			);
			runOnlyForDeploymentPostprocessing = 0;
		};
		26A1F95520C7C3AA00821D16 /* Sources */ = {
			isa = PBXSourcesBuildPhase;
			buildActionMask = 2147483647;
			files = (
				26A1F95E20C7C3AA00821D16 /* ItsuDareGameTests.swift in Sources */,
			);
			runOnlyForDeploymentPostprocessing = 0;
		};
		26A1F96020C7C3AA00821D16 /* Sources */ = {
			isa = PBXSourcesBuildPhase;
			buildActionMask = 2147483647;
			files = (
				26A1F96920C7C3AA00821D16 /* ItsuDareGameUITests.swift in Sources */,
			);
			runOnlyForDeploymentPostprocessing = 0;
		};
/* End PBXSourcesBuildPhase section */

/* Begin PBXTargetDependency section */
		26A1F95B20C7C3AA00821D16 /* PBXTargetDependency */ = {
			isa = PBXTargetDependency;
			target = 26A1F94420C7C3A900821D16 /* ItsuDareGame */;
			targetProxy = 26A1F95A20C7C3AA00821D16 /* PBXContainerItemProxy */;
		};
		26A1F96620C7C3AA00821D16 /* PBXTargetDependency */ = {
			isa = PBXTargetDependency;
			target = 26A1F94420C7C3A900821D16 /* ItsuDareGame */;
			targetProxy = 26A1F96520C7C3AA00821D16 /* PBXContainerItemProxy */;
		};
/* End PBXTargetDependency section */

/* Begin PBXVariantGroup section */
		26A1F94C20C7C3A900821D16 /* Main.storyboard */ = {
			isa = PBXVariantGroup;
			children = (
				26A1F94D20C7C3A900821D16 /* Base */,
			);
			name = Main.storyboard;
			sourceTree = "<group>";
		};
		26A1F95120C7C3AA00821D16 /* LaunchScreen.storyboard */ = {
			isa = PBXVariantGroup;
			children = (
				26A1F95220C7C3AA00821D16 /* Base */,
			);
			name = LaunchScreen.storyboard;
			sourceTree = "<group>";
		};
/* End PBXVariantGroup section */

/* Begin XCBuildConfiguration section */
		26A1F96B20C7C3AA00821D16 /* Debug */ = {
			isa = XCBuildConfiguration;
			buildSettings = {
				ALWAYS_SEARCH_USER_PATHS = NO;
				CLANG_ANALYZER_NONNULL = YES;
				CLANG_ANALYZER_NUMBER_OBJECT_CONVERSION = YES_AGGRESSIVE;
				CLANG_CXX_LANGUAGE_STANDARD = "gnu++14";
				CLANG_CXX_LIBRARY = "libc++";
				CLANG_ENABLE_MODULES = YES;
				CLANG_ENABLE_OBJC_ARC = YES;
				CLANG_ENABLE_OBJC_WEAK = YES;
				CLANG_WARN_BLOCK_CAPTURE_AUTORELEASING = YES;
				CLANG_WARN_BOOL_CONVERSION = YES;
				CLANG_WARN_COMMA = YES;
				CLANG_WARN_CONSTANT_CONVERSION = YES;
				CLANG_WARN_DEPRECATED_OBJC_IMPLEMENTATIONS = YES;
				CLANG_WARN_DIRECT_OBJC_ISA_USAGE = YES_ERROR;
				CLANG_WARN_DOCUMENTATION_COMMENTS = YES;
				CLANG_WARN_EMPTY_BODY = YES;
				CLANG_WARN_ENUM_CONVERSION = YES;
				CLANG_WARN_INFINITE_RECURSION = YES;
				CLANG_WARN_INT_CONVERSION = YES;
				CLANG_WARN_NON_LITERAL_NULL_CONVERSION = YES;
				CLANG_WARN_OBJC_IMPLICIT_RETAIN_SELF = YES;
				CLANG_WARN_OBJC_LITERAL_CONVERSION = YES;
				CLANG_WARN_OBJC_ROOT_CLASS = YES_ERROR;
				CLANG_WARN_RANGE_LOOP_ANALYSIS = YES;
				CLANG_WARN_STRICT_PROTOTYPES = YES;
				CLANG_WARN_SUSPICIOUS_MOVE = YES;
				CLANG_WARN_UNGUARDED_AVAILABILITY = YES_AGGRESSIVE;
				CLANG_WARN_UNREACHABLE_CODE = YES;
				CLANG_WARN__DUPLICATE_METHOD_MATCH = YES;
				CODE_SIGN_IDENTITY = "iPhone Developer";
				COPY_PHASE_STRIP = NO;
				DEBUG_INFORMATION_FORMAT = dwarf;
				ENABLE_STRICT_OBJC_MSGSEND = YES;
				ENABLE_TESTABILITY = YES;
				GCC_C_LANGUAGE_STANDARD = gnu11;
				GCC_DYNAMIC_NO_PIC = NO;
				GCC_NO_COMMON_BLOCKS = YES;
				GCC_OPTIMIZATION_LEVEL = 0;
				GCC_PREPROCESSOR_DEFINITIONS = (
					"DEBUG=1",
					"$(inherited)",
				);
				GCC_WARN_64_TO_32_BIT_CONVERSION = YES;
				GCC_WARN_ABOUT_RETURN_TYPE = YES_ERROR;
				GCC_WARN_UNDECLARED_SELECTOR = YES;
				GCC_WARN_UNINITIALIZED_AUTOS = YES_AGGRESSIVE;
				GCC_WARN_UNUSED_FUNCTION = YES;
				GCC_WARN_UNUSED_VARIABLE = YES;
				IPHONEOS_DEPLOYMENT_TARGET = 11.4;
				MTL_ENABLE_DEBUG_INFO = YES;
				ONLY_ACTIVE_ARCH = YES;
				SDKROOT = iphoneos;
				SWIFT_ACTIVE_COMPILATION_CONDITIONS = DEBUG;
				SWIFT_OPTIMIZATION_LEVEL = "-Onone";
			};
			name = Debug;
		};
		26A1F96C20C7C3AA00821D16 /* Release */ = {
			isa = XCBuildConfiguration;
			buildSettings = {
				ALWAYS_SEARCH_USER_PATHS = NO;
				CLANG_ANALYZER_NONNULL = YES;
				CLANG_ANALYZER_NUMBER_OBJECT_CONVERSION = YES_AGGRESSIVE;
				CLANG_CXX_LANGUAGE_STANDARD = "gnu++14";
				CLANG_CXX_LIBRARY = "libc++";
				CLANG_ENABLE_MODULES = YES;
				CLANG_ENABLE_OBJC_ARC = YES;
				CLANG_ENABLE_OBJC_WEAK = YES;
				CLANG_WARN_BLOCK_CAPTURE_AUTORELEASING = YES;
				CLANG_WARN_BOOL_CONVERSION = YES;
				CLANG_WARN_COMMA = YES;
				CLANG_WARN_CONSTANT_CONVERSION = YES;
				CLANG_WARN_DEPRECATED_OBJC_IMPLEMENTATIONS = YES;
				CLANG_WARN_DIRECT_OBJC_ISA_USAGE = YES_ERROR;
				CLANG_WARN_DOCUMENTATION_COMMENTS = YES;
				CLANG_WARN_EMPTY_BODY = YES;
				CLANG_WARN_ENUM_CONVERSION = YES;
				CLANG_WARN_INFINITE_RECURSION = YES;
				CLANG_WARN_INT_CONVERSION = YES;
				CLANG_WARN_NON_LITERAL_NULL_CONVERSION = YES;
				CLANG_WARN_OBJC_IMPLICIT_RETAIN_SELF = YES;
				CLANG_WARN_OBJC_LITERAL_CONVERSION = YES;
				CLANG_WARN_OBJC_ROOT_CLASS = YES_ERROR;
				CLANG_WARN_RANGE_LOOP_ANALYSIS = YES;
				CLANG_WARN_STRICT_PROTOTYPES = YES;
				CLANG_WARN_SUSPICIOUS_MOVE = YES;
				CLANG_WARN_UNGUARDED_AVAILABILITY = YES_AGGRESSIVE;
				CLANG_WARN_UNREACHABLE_CODE = YES;
				CLANG_WARN__DUPLICATE_METHOD_MATCH = YES;
				CODE_SIGN_IDENTITY = "iPhone Developer";
				COPY_PHASE_STRIP = NO;
				DEBUG_INFORMATION_FORMAT = "dwarf-with-dsym";
				ENABLE_NS_ASSERTIONS = NO;
				ENABLE_STRICT_OBJC_MSGSEND = YES;
				GCC_C_LANGUAGE_STANDARD = gnu11;
				GCC_NO_COMMON_BLOCKS = YES;
				GCC_WARN_64_TO_32_BIT_CONVERSION = YES;
				GCC_WARN_ABOUT_RETURN_TYPE = YES_ERROR;
				GCC_WARN_UNDECLARED_SELECTOR = YES;
				GCC_WARN_UNINITIALIZED_AUTOS = YES_AGGRESSIVE;
				GCC_WARN_UNUSED_FUNCTION = YES;
				GCC_WARN_UNUSED_VARIABLE = YES;
				IPHONEOS_DEPLOYMENT_TARGET = 11.4;
				MTL_ENABLE_DEBUG_INFO = NO;
				SDKROOT = iphoneos;
				SWIFT_COMPILATION_MODE = wholemodule;
				SWIFT_OPTIMIZATION_LEVEL = "-O";
				VALIDATE_PRODUCT = YES;
			};
			name = Release;
		};
		26A1F96E20C7C3AA00821D16 /* Debug */ = {
			isa = XCBuildConfiguration;
			buildSettings = {
				ASSETCATALOG_COMPILER_APPICON_NAME = AppIcon;
				CODE_SIGN_STYLE = Automatic;
				INFOPLIST_FILE = ItsuDareGame/Info.plist;
				LD_RUNPATH_SEARCH_PATHS = (
					"$(inherited)",
					"@executable_path/Frameworks",
				);
				PRODUCT_BUNDLE_IDENTIFIER = chas.ItsuDareGame;
				PRODUCT_NAME = "$(TARGET_NAME)";
				SWIFT_VERSION = 4.0;
				TARGETED_DEVICE_FAMILY = "1,2";
			};
			name = Debug;
		};
		26A1F96F20C7C3AA00821D16 /* Release */ = {
			isa = XCBuildConfiguration;
			buildSettings = {
				ASSETCATALOG_COMPILER_APPICON_NAME = AppIcon;
				CODE_SIGN_STYLE = Automatic;
				INFOPLIST_FILE = ItsuDareGame/Info.plist;
				LD_RUNPATH_SEARCH_PATHS = (
					"$(inherited)",
					"@executable_path/Frameworks",
				);
				PRODUCT_BUNDLE_IDENTIFIER = chas.ItsuDareGame;
				PRODUCT_NAME = "$(TARGET_NAME)";
				SWIFT_VERSION = 4.0;
				TARGETED_DEVICE_FAMILY = "1,2";
			};
			name = Release;
		};
		26A1F97120C7C3AA00821D16 /* Debug */ = {
			isa = XCBuildConfiguration;
			buildSettings = {
				ALWAYS_EMBED_SWIFT_STANDARD_LIBRARIES = YES;
				BUNDLE_LOADER = "$(TEST_HOST)";
				CODE_SIGN_STYLE = Automatic;
				INFOPLIST_FILE = ItsuDareGameTests/Info.plist;
				LD_RUNPATH_SEARCH_PATHS = (
					"$(inherited)",
					"@executable_path/Frameworks",
					"@loader_path/Frameworks",
				);
				PRODUCT_BUNDLE_IDENTIFIER = chas.ItsuDareGameTests;
				PRODUCT_NAME = "$(TARGET_NAME)";
				SWIFT_VERSION = 4.0;
				TARGETED_DEVICE_FAMILY = "1,2";
				TEST_HOST = "$(BUILT_PRODUCTS_DIR)/ItsuDareGame.app/ItsuDareGame";
			};
			name = Debug;
		};
		26A1F97220C7C3AA00821D16 /* Release */ = {
			isa = XCBuildConfiguration;
			buildSettings = {
				ALWAYS_EMBED_SWIFT_STANDARD_LIBRARIES = YES;
				BUNDLE_LOADER = "$(TEST_HOST)";
				CODE_SIGN_STYLE = Automatic;
				INFOPLIST_FILE = ItsuDareGameTests/Info.plist;
				LD_RUNPATH_SEARCH_PATHS = (
					"$(inherited)",
					"@executable_path/Frameworks",
					"@loader_path/Frameworks",
				);
				PRODUCT_BUNDLE_IDENTIFIER = chas.ItsuDareGameTests;
				PRODUCT_NAME = "$(TARGET_NAME)";
				SWIFT_VERSION = 4.0;
				TARGETED_DEVICE_FAMILY = "1,2";
				TEST_HOST = "$(BUILT_PRODUCTS_DIR)/ItsuDareGame.app/ItsuDareGame";
			};
			name = Release;
		};
		26A1F97420C7C3AA00821D16 /* Debug */ = {
			isa = XCBuildConfiguration;
			buildSettings = {
				ALWAYS_EMBED_SWIFT_STANDARD_LIBRARIES = YES;
				CODE_SIGN_STYLE = Automatic;
				INFOPLIST_FILE = ItsuDareGameUITests/Info.plist;
				LD_RUNPATH_SEARCH_PATHS = (
					"$(inherited)",
					"@executable_path/Frameworks",
					"@loader_path/Frameworks",
				);
				PRODUCT_BUNDLE_IDENTIFIER = chas.ItsuDareGameUITests;
				PRODUCT_NAME = "$(TARGET_NAME)";
				SWIFT_VERSION = 4.0;
				TARGETED_DEVICE_FAMILY = "1,2";
				TEST_TARGET_NAME = ItsuDareGame;
			};
			name = Debug;
		};
		26A1F97520C7C3AA00821D16 /* Release */ = {
			isa = XCBuildConfiguration;
			buildSettings = {
				ALWAYS_EMBED_SWIFT_STANDARD_LIBRARIES = YES;
				CODE_SIGN_STYLE = Automatic;
				INFOPLIST_FILE = ItsuDareGameUITests/Info.plist;
				LD_RUNPATH_SEARCH_PATHS = (
					"$(inherited)",
					"@executable_path/Frameworks",
					"@loader_path/Frameworks",
				);
				PRODUCT_BUNDLE_IDENTIFIER = chas.ItsuDareGameUITests;
				PRODUCT_NAME = "$(TARGET_NAME)";
				SWIFT_VERSION = 4.0;
				TARGETED_DEVICE_FAMILY = "1,2";
				TEST_TARGET_NAME = ItsuDareGame;
			};
			name = Release;
		};
/* End XCBuildConfiguration section */

/* Begin XCConfigurationList section */
		26A1F94020C7C3A900821D16 /* Build configuration list for PBXProject "ItsuDareGame" */ = {
			isa = XCConfigurationList;
			buildConfigurations = (
				26A1F96B20C7C3AA00821D16 /* Debug */,
				26A1F96C20C7C3AA00821D16 /* Release */,
			);
			defaultConfigurationIsVisible = 0;
			defaultConfigurationName = Release;
		};
		26A1F96D20C7C3AA00821D16 /* Build configuration list for PBXNativeTarget "ItsuDareGame" */ = {
			isa = XCConfigurationList;
			buildConfigurations = (
				26A1F96E20C7C3AA00821D16 /* Debug */,
				26A1F96F20C7C3AA00821D16 /* Release */,
			);
			defaultConfigurationIsVisible = 0;
			defaultConfigurationName = Release;
		};
		26A1F97020C7C3AA00821D16 /* Build configuration list for PBXNativeTarget "ItsuDareGameTests" */ = {
			isa = XCConfigurationList;
			buildConfigurations = (
				26A1F97120C7C3AA00821D16 /* Debug */,
				26A1F97220C7C3AA00821D16 /* Release */,
			);
			defaultConfigurationIsVisible = 0;
			defaultConfigurationName = Release;
		};
		26A1F97320C7C3AA00821D16 /* Build configuration list for PBXNativeTarget "ItsuDareGameUITests" */ = {
			isa = XCConfigurationList;
			buildConfigurations = (
				26A1F97420C7C3AA00821D16 /* Debug */,
				26A1F97520C7C3AA00821D16 /* Release */,
			);
			defaultConfigurationIsVisible = 0;
			defaultConfigurationName = Release;
		};
/* End XCConfigurationList section */
	};
	rootObject = 26A1F93D20C7C3A900821D16 /* Project object */;
}
